// !$*UTF8*$!
{
	archiveVersion = 1;
	classes = {
	};
	objectVersion = 77;
	objects = {

/* Begin PBXBuildFile section */
		04513B3B50274B201FC2129B /* OnboardingStateMachineTests.swift in Sources */ = {isa = PBXBuildFile; fileRef = CE6CC326D672D68089F68B9A /* OnboardingStateMachineTests.swift */; };
		061A4E8EC513723FCB75AD36 /* ModelLifecycleCoordinator.swift in Sources */ = {isa = PBXBuildFile; fileRef = 2F80683921A773119B3EB7B0 /* ModelLifecycleCoordinator.swift */; };
		11F3E04FF1B5A228B6F9AFCF /* MenuBarView.swift in Sources */ = {isa = PBXBuildFile; fileRef = 6B5699B345259613E791401D /* MenuBarView.swift */; };
		1207966B017E811D0CFEC295 /* TranscriptionCoordinator.swift in Sources */ = {isa = PBXBuildFile; fileRef = DE739367C761B9FF65F4CAC9 /* TranscriptionCoordinator.swift */; };
		1BE5E9211BF7F99CB7EB8285 /* ModelPhaseTests.swift in Sources */ = {isa = PBXBuildFile; fileRef = 58165ED5E4FA2B1A1A5AF293 /* ModelPhaseTests.swift */; };
		1D039FC3C61C539C24C89701 /* AudioInputDevice.swift in Sources */ = {isa = PBXBuildFile; fileRef = 650D445E872FA40AA2D7ED0D /* AudioInputDevice.swift */; };
		1E5187DD8C5EDEAF8B1A2A9D /* OnboardingStateMachine.swift in Sources */ = {isa = PBXBuildFile; fileRef = B1A34F582F8D9C1474CA800C /* OnboardingStateMachine.swift */; };
		23DFE93671E230DEEA231F1C /* TextPostProcessorTests.swift in Sources */ = {isa = PBXBuildFile; fileRef = 4E1DBC218E387B6B420B0B4B /* TextPostProcessorTests.swift */; };
		33503FC6BA33AD60EB62B7FC /* SettingsView.swift in Sources */ = {isa = PBXBuildFile; fileRef = AE1A1C197449D7A4DCB9AB8B /* SettingsView.swift */; };
		3478CD2A37E7F5763A270080 /* GoogleService-Info.plist in Resources */ = {isa = PBXBuildFile; fileRef = F88A6895E16ED935468DEB9E /* GoogleService-Info.plist */; };
		3D8DD76D91A768E9484C1330 /* FirebaseCore in Frameworks */ = {isa = PBXBuildFile; productRef = BE4037B80AFC991BBFD79363 /* FirebaseCore */; };
		42D21C147F85AF2A774C1FFD /* RecordingSessionCoordinator.swift in Sources */ = {isa = PBXBuildFile; fileRef = 5376F8CD4579FA6AC3D96A58 /* RecordingSessionCoordinator.swift */; };
		5F0EA8CABD35F818E187ED97 /* ModelPhase.swift in Sources */ = {isa = PBXBuildFile; fileRef = FFBFB4110D3F513EF2143F88 /* ModelPhase.swift */; };
		5F1112BDAF977A66901A3260 /* KeyboardShortcuts in Frameworks */ = {isa = PBXBuildFile; productRef = CD4D23D81DB6B8CF7A547851 /* KeyboardShortcuts */; };
		676CBF543E8786A20144B29A /* ModelLifecycleCoordinatorTests.swift in Sources */ = {isa = PBXBuildFile; fileRef = 8371051D4F68FE215E6AA492 /* ModelLifecycleCoordinatorTests.swift */; };
		6E015D3819CFBF592FE225ED /* OnboardingView.swift in Sources */ = {isa = PBXBuildFile; fileRef = DA1DC99BBCCEEE22C84D397F /* OnboardingView.swift */; };
		709E17AE25636EB3A8BA99A6 /* WisperApp.swift in Sources */ = {isa = PBXBuildFile; fileRef = 5DA399349B832D6632053FDA /* WisperApp.swift */; };
		71B1E128F0ECB3C8826259EE /* PermissionService.swift in Sources */ = {isa = PBXBuildFile; fileRef = AA0F7C5C6DAD56C03C4EB827 /* PermissionService.swift */; };
		743C38C06BED59B9CCC70345 /* TranscriptionEngine.swift in Sources */ = {isa = PBXBuildFile; fileRef = 34A162627B1350E8924C1617 /* TranscriptionEngine.swift */; };
		7996555E6677F944BC5E7BF2 /* OverlayPositioningTests.swift in Sources */ = {isa = PBXBuildFile; fileRef = B1DD16661EA594FB072357CF /* OverlayPositioningTests.swift */; };
		83DCC5A8951EEC7D570763D4 /* L10n.swift in Sources */ = {isa = PBXBuildFile; fileRef = 111619F25FBD949B3EE18BFC /* L10n.swift */; };
		8D918EEB22D4A8A19A3D7F10 /* WhisperKit in Frameworks */ = {isa = PBXBuildFile; productRef = 881A0D3BFF15A3BDB41BFE53 /* WhisperKit */; };
		8DDC603C0702A2260777B103 /* TranscriptionCoordinatorTests.swift in Sources */ = {isa = PBXBuildFile; fileRef = 15CD2053861687DB0F7DC45C /* TranscriptionCoordinatorTests.swift */; };
		9DFCD4F2F625CE656DA0314A /* HallucinationFilterTests.swift in Sources */ = {isa = PBXBuildFile; fileRef = 81BB0AE0FC393F48AC134D38 /* HallucinationFilterTests.swift */; };
		A414BCB00D2FAC9B37C9EE3D /* TextPostProcessor.swift in Sources */ = {isa = PBXBuildFile; fileRef = B3CFD153E177BE54A4C86277 /* TextPostProcessor.swift */; };
		A987117687A8C6CA0798EBAA /* AudioEngine.swift in Sources */ = {isa = PBXBuildFile; fileRef = B60C033C519A0DD7D449A568 /* AudioEngine.swift */; };
		B958195E2C084EC5B4154098 /* PermissionServiceTests.swift in Sources */ = {isa = PBXBuildFile; fileRef = D2F4CF3F3242424EAAFCB1FA /* PermissionServiceTests.swift */; };
		C13AF4565E2C2551F00DCA5B /* RecordingSessionCoordinatorTests.swift in Sources */ = {isa = PBXBuildFile; fileRef = 0CD55D962ED62DAF9F3E5DFB /* RecordingSessionCoordinatorTests.swift */; };
		C8CD23A4E73A660F1FF77FE6 /* AudioEngineTuningTests.swift in Sources */ = {isa = PBXBuildFile; fileRef = 4B7EA67FFCA24CA57B4B4A25 /* AudioEngineTuningTests.swift */; };
		CA0EA91AD2DD5F7149021001 /* HotkeyManagerTests.swift in Sources */ = {isa = PBXBuildFile; fileRef = A72340CE707E7F9FE2756590 /* HotkeyManagerTests.swift */; };
		CA9F9D168DC589A630CBB993 /* TranscriptionOverlay.swift in Sources */ = {isa = PBXBuildFile; fileRef = 3327C47D203EDA652D316DCC /* TranscriptionOverlay.swift */; };
		E11B54ECA8D9F9426E7B92E8 /* TextInjector.swift in Sources */ = {isa = PBXBuildFile; fileRef = 2EA9B8726D557B2D7E43491E /* TextInjector.swift */; };
		E2FBDAE8DBBA618B42061D73 /* TextInjectorTests.swift in Sources */ = {isa = PBXBuildFile; fileRef = EE73A31643EBC9B6CCCB80F8 /* TextInjectorTests.swift */; };
		E6440DB694B029172FF42F73 /* FirebaseCrashlytics in Frameworks */ = {isa = PBXBuildFile; productRef = BD01D6CD697A2B1831D6BA40 /* FirebaseCrashlytics */; };
		E78922635564CAB022849177 /* LanguageSupportTests.swift in Sources */ = {isa = PBXBuildFile; fileRef = 140D520F0CA7612CBFFA5262 /* LanguageSupportTests.swift */; };
		E854457A97290BF59F165F5D /* Localizable.strings in Resources */ = {isa = PBXBuildFile; fileRef = 999E1171F448A3ED7E4F29D4 /* Localizable.strings */; };
		E859E4CF65380BB0EF8CC981 /* HotkeyManager.swift in Sources */ = {isa = PBXBuildFile; fileRef = AFA750A1E71974D953615113 /* HotkeyManager.swift */; };
		EA20927615F4B73E5DABD5D4 /* DictationEditingService.swift in Sources */ = {isa = PBXBuildFile; fileRef = 336D35D0C1608413279ABC4B /* DictationEditingService.swift */; };
		EFEFB564D754AB6EC8305BE2 /* AppState.swift in Sources */ = {isa = PBXBuildFile; fileRef = 605B21CF9B309D356CD4E69E /* AppState.swift */; };
		F01444EECE5B1F433532A627 /* ModelDownloadCacheTests.swift in Sources */ = {isa = PBXBuildFile; fileRef = CD4D1FF931C65A38F93AFC1D /* ModelDownloadCacheTests.swift */; };
		F699214553237E96FCE7114D /* CrashReporter.swift in Sources */ = {isa = PBXBuildFile; fileRef = 72109C7C436060EB163436C9 /* CrashReporter.swift */; };
		FA0C20F0F877F41A33743371 /* DictationEditingServiceTests.swift in Sources */ = {isa = PBXBuildFile; fileRef = 0BF4A0D8E7E7E96F4AF720FA /* DictationEditingServiceTests.swift */; };
		FBBF98E089352274B475460D /* Assets.xcassets in Resources */ = {isa = PBXBuildFile; fileRef = F731D5C15FA4D99191A12C03 /* Assets.xcassets */; };
/* End PBXBuildFile section */

/* Begin PBXContainerItemProxy section */
		1BFFD51774FBA6E0795264E9 /* PBXContainerItemProxy */ = {
			isa = PBXContainerItemProxy;
			containerPortal = F66376082C17A68404557F48 /* Project object */;
			proxyType = 1;
			remoteGlobalIDString = E1FAB49366A1D8435CBF2B8F;
			remoteInfo = Wisper;
		};
/* End PBXContainerItemProxy section */

/* Begin PBXFileReference section */
		0BF4A0D8E7E7E96F4AF720FA /* DictationEditingServiceTests.swift */ = {isa = PBXFileReference; lastKnownFileType = sourcecode.swift; path = DictationEditingServiceTests.swift; sourceTree = "<group>"; };
		0CD55D962ED62DAF9F3E5DFB /* RecordingSessionCoordinatorTests.swift */ = {isa = PBXFileReference; lastKnownFileType = sourcecode.swift; path = RecordingSessionCoordinatorTests.swift; sourceTree = "<group>"; };
		111619F25FBD949B3EE18BFC /* L10n.swift */ = {isa = PBXFileReference; lastKnownFileType = sourcecode.swift; path = L10n.swift; sourceTree = "<group>"; };
		140D520F0CA7612CBFFA5262 /* LanguageSupportTests.swift */ = {isa = PBXFileReference; lastKnownFileType = sourcecode.swift; path = LanguageSupportTests.swift; sourceTree = "<group>"; };
		15AFDC89479188D72E88B11E /* WisperTests.xctest */ = {isa = PBXFileReference; explicitFileType = wrapper.cfbundle; includeInIndex = 0; path = WisperTests.xctest; sourceTree = BUILT_PRODUCTS_DIR; };
		15CD2053861687DB0F7DC45C /* TranscriptionCoordinatorTests.swift */ = {isa = PBXFileReference; lastKnownFileType = sourcecode.swift; path = TranscriptionCoordinatorTests.swift; sourceTree = "<group>"; };
		2984CF38A68CC1450F20470D /* es */ = {isa = PBXFileReference; lastKnownFileType = text.plist.strings; name = es; path = es.lproj/Localizable.strings; sourceTree = "<group>"; };
		2EA9B8726D557B2D7E43491E /* TextInjector.swift */ = {isa = PBXFileReference; lastKnownFileType = sourcecode.swift; path = TextInjector.swift; sourceTree = "<group>"; };
		2F80683921A773119B3EB7B0 /* ModelLifecycleCoordinator.swift */ = {isa = PBXFileReference; lastKnownFileType = sourcecode.swift; path = ModelLifecycleCoordinator.swift; sourceTree = "<group>"; };
		3327C47D203EDA652D316DCC /* TranscriptionOverlay.swift */ = {isa = PBXFileReference; lastKnownFileType = sourcecode.swift; path = TranscriptionOverlay.swift; sourceTree = "<group>"; };
		336D35D0C1608413279ABC4B /* DictationEditingService.swift */ = {isa = PBXFileReference; lastKnownFileType = sourcecode.swift; path = DictationEditingService.swift; sourceTree = "<group>"; };
		34A162627B1350E8924C1617 /* TranscriptionEngine.swift */ = {isa = PBXFileReference; lastKnownFileType = sourcecode.swift; path = TranscriptionEngine.swift; sourceTree = "<group>"; };
		4B7EA67FFCA24CA57B4B4A25 /* AudioEngineTuningTests.swift */ = {isa = PBXFileReference; lastKnownFileType = sourcecode.swift; path = AudioEngineTuningTests.swift; sourceTree = "<group>"; };
		4E1DBC218E387B6B420B0B4B /* TextPostProcessorTests.swift */ = {isa = PBXFileReference; lastKnownFileType = sourcecode.swift; path = TextPostProcessorTests.swift; sourceTree = "<group>"; };
		517B6EF29D6177E7F6E4AA36 /* pt */ = {isa = PBXFileReference; lastKnownFileType = text.plist.strings; name = pt; path = pt.lproj/Localizable.strings; sourceTree = "<group>"; };
		5376F8CD4579FA6AC3D96A58 /* RecordingSessionCoordinator.swift */ = {isa = PBXFileReference; lastKnownFileType = sourcecode.swift; path = RecordingSessionCoordinator.swift; sourceTree = "<group>"; };
		58165ED5E4FA2B1A1A5AF293 /* ModelPhaseTests.swift */ = {isa = PBXFileReference; lastKnownFileType = sourcecode.swift; path = ModelPhaseTests.swift; sourceTree = "<group>"; };
		5DA399349B832D6632053FDA /* WisperApp.swift */ = {isa = PBXFileReference; lastKnownFileType = sourcecode.swift; path = WisperApp.swift; sourceTree = "<group>"; };
		5FC2128AB850E5E028E8CB45 /* Wisper.app */ = {isa = PBXFileReference; explicitFileType = wrapper.application; includeInIndex = 0; path = Wisper.app; sourceTree = BUILT_PRODUCTS_DIR; };
		605B21CF9B309D356CD4E69E /* AppState.swift */ = {isa = PBXFileReference; lastKnownFileType = sourcecode.swift; path = AppState.swift; sourceTree = "<group>"; };
		650D445E872FA40AA2D7ED0D /* AudioInputDevice.swift */ = {isa = PBXFileReference; lastKnownFileType = sourcecode.swift; path = AudioInputDevice.swift; sourceTree = "<group>"; };
		6B5699B345259613E791401D /* MenuBarView.swift */ = {isa = PBXFileReference; lastKnownFileType = sourcecode.swift; path = MenuBarView.swift; sourceTree = "<group>"; };
		72109C7C436060EB163436C9 /* CrashReporter.swift */ = {isa = PBXFileReference; lastKnownFileType = sourcecode.swift; path = CrashReporter.swift; sourceTree = "<group>"; };
		81BB0AE0FC393F48AC134D38 /* HallucinationFilterTests.swift */ = {isa = PBXFileReference; lastKnownFileType = sourcecode.swift; path = HallucinationFilterTests.swift; sourceTree = "<group>"; };
		8371051D4F68FE215E6AA492 /* ModelLifecycleCoordinatorTests.swift */ = {isa = PBXFileReference; lastKnownFileType = sourcecode.swift; path = ModelLifecycleCoordinatorTests.swift; sourceTree = "<group>"; };
		87383B756FBA7C899AD44759 /* fr */ = {isa = PBXFileReference; lastKnownFileType = text.plist.strings; name = fr; path = fr.lproj/Localizable.strings; sourceTree = "<group>"; };
		88CC380054CCDCB89A2617A9 /* Wisper.entitlements */ = {isa = PBXFileReference; lastKnownFileType = text.plist.entitlements; path = Wisper.entitlements; sourceTree = "<group>"; };
		A72340CE707E7F9FE2756590 /* HotkeyManagerTests.swift */ = {isa = PBXFileReference; lastKnownFileType = sourcecode.swift; path = HotkeyManagerTests.swift; sourceTree = "<group>"; };
		AA0F7C5C6DAD56C03C4EB827 /* PermissionService.swift */ = {isa = PBXFileReference; lastKnownFileType = sourcecode.swift; path = PermissionService.swift; sourceTree = "<group>"; };
		ABA6525B04B9312C781891B2 /* de */ = {isa = PBXFileReference; lastKnownFileType = text.plist.strings; name = de; path = de.lproj/Localizable.strings; sourceTree = "<group>"; };
		AE1A1C197449D7A4DCB9AB8B /* SettingsView.swift */ = {isa = PBXFileReference; lastKnownFileType = sourcecode.swift; path = SettingsView.swift; sourceTree = "<group>"; };
		AFA750A1E71974D953615113 /* HotkeyManager.swift */ = {isa = PBXFileReference; lastKnownFileType = sourcecode.swift; path = HotkeyManager.swift; sourceTree = "<group>"; };
		B1A34F582F8D9C1474CA800C /* OnboardingStateMachine.swift */ = {isa = PBXFileReference; lastKnownFileType = sourcecode.swift; path = OnboardingStateMachine.swift; sourceTree = "<group>"; };
		B1DD16661EA594FB072357CF /* OverlayPositioningTests.swift */ = {isa = PBXFileReference; lastKnownFileType = sourcecode.swift; path = OverlayPositioningTests.swift; sourceTree = "<group>"; };
		B3CFD153E177BE54A4C86277 /* TextPostProcessor.swift */ = {isa = PBXFileReference; lastKnownFileType = sourcecode.swift; path = TextPostProcessor.swift; sourceTree = "<group>"; };
		B60C033C519A0DD7D449A568 /* AudioEngine.swift */ = {isa = PBXFileReference; lastKnownFileType = sourcecode.swift; path = AudioEngine.swift; sourceTree = "<group>"; };
		CD4D1FF931C65A38F93AFC1D /* ModelDownloadCacheTests.swift */ = {isa = PBXFileReference; lastKnownFileType = sourcecode.swift; path = ModelDownloadCacheTests.swift; sourceTree = "<group>"; };
		CE6CC326D672D68089F68B9A /* OnboardingStateMachineTests.swift */ = {isa = PBXFileReference; lastKnownFileType = sourcecode.swift; path = OnboardingStateMachineTests.swift; sourceTree = "<group>"; };
		D2F4CF3F3242424EAAFCB1FA /* PermissionServiceTests.swift */ = {isa = PBXFileReference; lastKnownFileType = sourcecode.swift; path = PermissionServiceTests.swift; sourceTree = "<group>"; };
		D6531AD8C825A639F86871E1 /* Info.plist */ = {isa = PBXFileReference; lastKnownFileType = text.plist; path = Info.plist; sourceTree = "<group>"; };
		DA1DC99BBCCEEE22C84D397F /* OnboardingView.swift */ = {isa = PBXFileReference; lastKnownFileType = sourcecode.swift; path = OnboardingView.swift; sourceTree = "<group>"; };
		DE739367C761B9FF65F4CAC9 /* TranscriptionCoordinator.swift */ = {isa = PBXFileReference; lastKnownFileType = sourcecode.swift; path = TranscriptionCoordinator.swift; sourceTree = "<group>"; };
		EE73A31643EBC9B6CCCB80F8 /* TextInjectorTests.swift */ = {isa = PBXFileReference; lastKnownFileType = sourcecode.swift; path = TextInjectorTests.swift; sourceTree = "<group>"; };
		F731D5C15FA4D99191A12C03 /* Assets.xcassets */ = {isa = PBXFileReference; lastKnownFileType = folder.assetcatalog; path = Assets.xcassets; sourceTree = "<group>"; };
		F88A6895E16ED935468DEB9E /* GoogleService-Info.plist */ = {isa = PBXFileReference; lastKnownFileType = text.plist; path = "GoogleService-Info.plist"; sourceTree = "<group>"; };
		FC3C4C7DA684D1F0D798AA8C /* en */ = {isa = PBXFileReference; lastKnownFileType = text.plist.strings; name = en; path = en.lproj/Localizable.strings; sourceTree = "<group>"; };
		FFBFB4110D3F513EF2143F88 /* ModelPhase.swift */ = {isa = PBXFileReference; lastKnownFileType = sourcecode.swift; path = ModelPhase.swift; sourceTree = "<group>"; };
/* End PBXFileReference section */

/* Begin PBXFrameworksBuildPhase section */
		2E63B6F28768B7630B527BBA /* Frameworks */ = {
			isa = PBXFrameworksBuildPhase;
			buildActionMask = 2147483647;
			files = (
				8D918EEB22D4A8A19A3D7F10 /* WhisperKit in Frameworks */,
				5F1112BDAF977A66901A3260 /* KeyboardShortcuts in Frameworks */,
				3D8DD76D91A768E9484C1330 /* FirebaseCore in Frameworks */,
				E6440DB694B029172FF42F73 /* FirebaseCrashlytics in Frameworks */,
			);
			runOnlyForDeploymentPostprocessing = 0;
		};
/* End PBXFrameworksBuildPhase section */

/* Begin PBXGroup section */
		16EB0C525A2690462E11B518 /* Services */ = {
			isa = PBXGroup;
			children = (
				2F80683921A773119B3EB7B0 /* ModelLifecycleCoordinator.swift */,
				AA0F7C5C6DAD56C03C4EB827 /* PermissionService.swift */,
				5376F8CD4579FA6AC3D96A58 /* RecordingSessionCoordinator.swift */,
			);
			path = Services;
			sourceTree = "<group>";
		};
		1DCB549AD35609AA8BA7E8D7 /* Products */ = {
			isa = PBXGroup;
			children = (
				5FC2128AB850E5E028E8CB45 /* Wisper.app */,
				15AFDC89479188D72E88B11E /* WisperTests.xctest */,
			);
			name = Products;
			sourceTree = "<group>";
		};
		25A98FB5CAD3AB7FC83D53AE = {
			isa = PBXGroup;
			children = (
				D58B9267A9536C19A5ED16EB /* Wisper */,
				6E0422A3D700B1781B9C6DD4 /* WisperTests */,
				1DCB549AD35609AA8BA7E8D7 /* Products */,
			);
			sourceTree = "<group>";
		};
		2688AAB0EBA3B0C2E548F96B /* Localization */ = {
			isa = PBXGroup;
			children = (
				111619F25FBD949B3EE18BFC /* L10n.swift */,
			);
			path = Localization;
			sourceTree = "<group>";
		};
		2DE240EBA8A9250424BEDA98 /* App */ = {
			isa = PBXGroup;
			children = (
				605B21CF9B309D356CD4E69E /* AppState.swift */,
				72109C7C436060EB163436C9 /* CrashReporter.swift */,
				FFBFB4110D3F513EF2143F88 /* ModelPhase.swift */,
				B1A34F582F8D9C1474CA800C /* OnboardingStateMachine.swift */,
				5DA399349B832D6632053FDA /* WisperApp.swift */,
				16EB0C525A2690462E11B518 /* Services */,
			);
			path = App;
			sourceTree = "<group>";
		};
		6581D040D43A5B43AF19CDB5 /* UI */ = {
			isa = PBXGroup;
			children = (
				6B5699B345259613E791401D /* MenuBarView.swift */,
				DA1DC99BBCCEEE22C84D397F /* OnboardingView.swift */,
				AE1A1C197449D7A4DCB9AB8B /* SettingsView.swift */,
				3327C47D203EDA652D316DCC /* TranscriptionOverlay.swift */,
			);
			path = UI;
			sourceTree = "<group>";
		};
		6E0422A3D700B1781B9C6DD4 /* WisperTests */ = {
			isa = PBXGroup;
			children = (
				4B7EA67FFCA24CA57B4B4A25 /* AudioEngineTuningTests.swift */,
				0BF4A0D8E7E7E96F4AF720FA /* DictationEditingServiceTests.swift */,
				81BB0AE0FC393F48AC134D38 /* HallucinationFilterTests.swift */,
				A72340CE707E7F9FE2756590 /* HotkeyManagerTests.swift */,
				140D520F0CA7612CBFFA5262 /* LanguageSupportTests.swift */,
				CD4D1FF931C65A38F93AFC1D /* ModelDownloadCacheTests.swift */,
				8371051D4F68FE215E6AA492 /* ModelLifecycleCoordinatorTests.swift */,
				58165ED5E4FA2B1A1A5AF293 /* ModelPhaseTests.swift */,
				CE6CC326D672D68089F68B9A /* OnboardingStateMachineTests.swift */,
				B1DD16661EA594FB072357CF /* OverlayPositioningTests.swift */,
				D2F4CF3F3242424EAAFCB1FA /* PermissionServiceTests.swift */,
				0CD55D962ED62DAF9F3E5DFB /* RecordingSessionCoordinatorTests.swift */,
				EE73A31643EBC9B6CCCB80F8 /* TextInjectorTests.swift */,
				4E1DBC218E387B6B420B0B4B /* TextPostProcessorTests.swift */,
				15CD2053861687DB0F7DC45C /* TranscriptionCoordinatorTests.swift */,
			);
			path = WisperTests;
			sourceTree = "<group>";
		};
		A57DAF6D13E4288E601CEC3E /* Audio */ = {
			isa = PBXGroup;
			children = (
				B60C033C519A0DD7D449A568 /* AudioEngine.swift */,
				650D445E872FA40AA2D7ED0D /* AudioInputDevice.swift */,
			);
			path = Audio;
			sourceTree = "<group>";
		};
		ADA622798FC1717EA1850DE4 /* Input */ = {
			isa = PBXGroup;
			children = (
				AFA750A1E71974D953615113 /* HotkeyManager.swift */,
				2EA9B8726D557B2D7E43491E /* TextInjector.swift */,
			);
			path = Input;
			sourceTree = "<group>";
		};
		B179A7E87D473F7B672E37F5 /* Transcription */ = {
			isa = PBXGroup;
			children = (
				336D35D0C1608413279ABC4B /* DictationEditingService.swift */,
				B3CFD153E177BE54A4C86277 /* TextPostProcessor.swift */,
				DE739367C761B9FF65F4CAC9 /* TranscriptionCoordinator.swift */,
				34A162627B1350E8924C1617 /* TranscriptionEngine.swift */,
			);
			path = Transcription;
			sourceTree = "<group>";
		};
		C0DA7C32BC2ABDC5D2CA1373 /* Resources */ = {
			isa = PBXGroup;
			children = (
				F731D5C15FA4D99191A12C03 /* Assets.xcassets */,
				F88A6895E16ED935468DEB9E /* GoogleService-Info.plist */,
				D6531AD8C825A639F86871E1 /* Info.plist */,
				999E1171F448A3ED7E4F29D4 /* Localizable.strings */,
				88CC380054CCDCB89A2617A9 /* Wisper.entitlements */,
			);
			path = Resources;
			sourceTree = "<group>";
		};
		D58B9267A9536C19A5ED16EB /* Wisper */ = {
			isa = PBXGroup;
			children = (
				2DE240EBA8A9250424BEDA98 /* App */,
				A57DAF6D13E4288E601CEC3E /* Audio */,
				ADA622798FC1717EA1850DE4 /* Input */,
				2688AAB0EBA3B0C2E548F96B /* Localization */,
				C0DA7C32BC2ABDC5D2CA1373 /* Resources */,
				B179A7E87D473F7B672E37F5 /* Transcription */,
				6581D040D43A5B43AF19CDB5 /* UI */,
			);
			path = Wisper;
			sourceTree = "<group>";
		};
/* End PBXGroup section */

/* Begin PBXNativeTarget section */
		26581C1FC74ADC0DA10FDCC2 /* WisperTests */ = {
			isa = PBXNativeTarget;
			buildConfigurationList = CE44B3E7FB338C3733B6687D /* Build configuration list for PBXNativeTarget "WisperTests" */;
			buildPhases = (
				4283A5CECB89502CE6A606F9 /* Sources */,
			);
			buildRules = (
			);
			dependencies = (
				2AC169B4CC8EF4DD2382B074 /* PBXTargetDependency */,
			);
			name = WisperTests;
			packageProductDependencies = (
			);
			productName = WisperTests;
			productReference = 15AFDC89479188D72E88B11E /* WisperTests.xctest */;
			productType = "com.apple.product-type.bundle.unit-test";
		};
		E1FAB49366A1D8435CBF2B8F /* Wisper */ = {
			isa = PBXNativeTarget;
			buildConfigurationList = 9E316FE51F798847C1E9EE36 /* Build configuration list for PBXNativeTarget "Wisper" */;
			buildPhases = (
				D5A7FCA88E2B01A1622FA318 /* Sources */,
				B1BBC37ED50F32EC9B5FE61D /* Resources */,
				2E63B6F28768B7630B527BBA /* Frameworks */,
			);
			buildRules = (
			);
			dependencies = (
			);
			name = Wisper;
			packageProductDependencies = (
				881A0D3BFF15A3BDB41BFE53 /* WhisperKit */,
				CD4D23D81DB6B8CF7A547851 /* KeyboardShortcuts */,
				BE4037B80AFC991BBFD79363 /* FirebaseCore */,
				BD01D6CD697A2B1831D6BA40 /* FirebaseCrashlytics */,
			);
			productName = Wisper;
			productReference = 5FC2128AB850E5E028E8CB45 /* Wisper.app */;
			productType = "com.apple.product-type.application";
		};
/* End PBXNativeTarget section */

/* Begin PBXProject section */
		F66376082C17A68404557F48 /* Project object */ = {
			isa = PBXProject;
			attributes = {
				BuildIndependentTargetsInParallel = YES;
				LastUpgradeCheck = 1630;
				TargetAttributes = {
					E1FAB49366A1D8435CBF2B8F = {
						DevelopmentTeam = 7NBJJ9P97F;
						ProvisioningStyle = Manual;
					};
				};
			};
			buildConfigurationList = CCA94FB7F78C5A4BA090287E /* Build configuration list for PBXProject "Wisper" */;
			compatibilityVersion = "Xcode 14.0";
			developmentRegion = en;
			hasScannedForEncodings = 0;
			knownRegions = (
				Base,
				de,
				en,
				es,
				fr,
				pt,
			);
			mainGroup = 25A98FB5CAD3AB7FC83D53AE;
			minimizedProjectReferenceProxies = 1;
			packageReferences = (
				C526534013A37DDD2664F9C5 /* XCRemoteSwiftPackageReference "firebase-ios-sdk" */,
				71493E620D0F00D77630EC1C /* XCRemoteSwiftPackageReference "KeyboardShortcuts" */,
				24BF4039138F129F95B7DB09 /* XCRemoteSwiftPackageReference "WhisperKit" */,
			);
			preferredProjectObjectVersion = 77;
			projectDirPath = "";
			projectRoot = "";
			targets = (
				E1FAB49366A1D8435CBF2B8F /* Wisper */,
				26581C1FC74ADC0DA10FDCC2 /* WisperTests */,
			);
		};
/* End PBXProject section */

/* Begin PBXResourcesBuildPhase section */
		B1BBC37ED50F32EC9B5FE61D /* Resources */ = {
			isa = PBXResourcesBuildPhase;
			buildActionMask = 2147483647;
			files = (
				FBBF98E089352274B475460D /* Assets.xcassets in Resources */,
				3478CD2A37E7F5763A270080 /* GoogleService-Info.plist in Resources */,
				E854457A97290BF59F165F5D /* Localizable.strings in Resources */,
			);
			runOnlyForDeploymentPostprocessing = 0;
		};
/* End PBXResourcesBuildPhase section */

/* Begin PBXSourcesBuildPhase section */
		4283A5CECB89502CE6A606F9 /* Sources */ = {
			isa = PBXSourcesBuildPhase;
			buildActionMask = 2147483647;
			files = (
				C8CD23A4E73A660F1FF77FE6 /* AudioEngineTuningTests.swift in Sources */,
				FA0C20F0F877F41A33743371 /* DictationEditingServiceTests.swift in Sources */,
				9DFCD4F2F625CE656DA0314A /* HallucinationFilterTests.swift in Sources */,
				CA0EA91AD2DD5F7149021001 /* HotkeyManagerTests.swift in Sources */,
				E78922635564CAB022849177 /* LanguageSupportTests.swift in Sources */,
				F01444EECE5B1F433532A627 /* ModelDownloadCacheTests.swift in Sources */,
				676CBF543E8786A20144B29A /* ModelLifecycleCoordinatorTests.swift in Sources */,
				1BE5E9211BF7F99CB7EB8285 /* ModelPhaseTests.swift in Sources */,
				04513B3B50274B201FC2129B /* OnboardingStateMachineTests.swift in Sources */,
				7996555E6677F944BC5E7BF2 /* OverlayPositioningTests.swift in Sources */,
				B958195E2C084EC5B4154098 /* PermissionServiceTests.swift in Sources */,
				C13AF4565E2C2551F00DCA5B /* RecordingSessionCoordinatorTests.swift in Sources */,
				E2FBDAE8DBBA618B42061D73 /* TextInjectorTests.swift in Sources */,
				23DFE93671E230DEEA231F1C /* TextPostProcessorTests.swift in Sources */,
				8DDC603C0702A2260777B103 /* TranscriptionCoordinatorTests.swift in Sources */,
			);
			runOnlyForDeploymentPostprocessing = 0;
		};
		D5A7FCA88E2B01A1622FA318 /* Sources */ = {
			isa = PBXSourcesBuildPhase;
			buildActionMask = 2147483647;
			files = (
				EFEFB564D754AB6EC8305BE2 /* AppState.swift in Sources */,
				A987117687A8C6CA0798EBAA /* AudioEngine.swift in Sources */,
				1D039FC3C61C539C24C89701 /* AudioInputDevice.swift in Sources */,
				F699214553237E96FCE7114D /* CrashReporter.swift in Sources */,
				EA20927615F4B73E5DABD5D4 /* DictationEditingService.swift in Sources */,
				E859E4CF65380BB0EF8CC981 /* HotkeyManager.swift in Sources */,
				83DCC5A8951EEC7D570763D4 /* L10n.swift in Sources */,
				11F3E04FF1B5A228B6F9AFCF /* MenuBarView.swift in Sources */,
				061A4E8EC513723FCB75AD36 /* ModelLifecycleCoordinator.swift in Sources */,
				5F0EA8CABD35F818E187ED97 /* ModelPhase.swift in Sources */,
				1E5187DD8C5EDEAF8B1A2A9D /* OnboardingStateMachine.swift in Sources */,
				6E015D3819CFBF592FE225ED /* OnboardingView.swift in Sources */,
				71B1E128F0ECB3C8826259EE /* PermissionService.swift in Sources */,
				42D21C147F85AF2A774C1FFD /* RecordingSessionCoordinator.swift in Sources */,
				33503FC6BA33AD60EB62B7FC /* SettingsView.swift in Sources */,
				E11B54ECA8D9F9426E7B92E8 /* TextInjector.swift in Sources */,
				A414BCB00D2FAC9B37C9EE3D /* TextPostProcessor.swift in Sources */,
				1207966B017E811D0CFEC295 /* TranscriptionCoordinator.swift in Sources */,
				743C38C06BED59B9CCC70345 /* TranscriptionEngine.swift in Sources */,
				CA9F9D168DC589A630CBB993 /* TranscriptionOverlay.swift in Sources */,
				709E17AE25636EB3A8BA99A6 /* WisperApp.swift in Sources */,
			);
			runOnlyForDeploymentPostprocessing = 0;
		};
/* End PBXSourcesBuildPhase section */

/* Begin PBXTargetDependency section */
		2AC169B4CC8EF4DD2382B074 /* PBXTargetDependency */ = {
			isa = PBXTargetDependency;
			target = E1FAB49366A1D8435CBF2B8F /* Wisper */;
			targetProxy = 1BFFD51774FBA6E0795264E9 /* PBXContainerItemProxy */;
		};
/* End PBXTargetDependency section */

/* Begin PBXVariantGroup section */
		999E1171F448A3ED7E4F29D4 /* Localizable.strings */ = {
			isa = PBXVariantGroup;
			children = (
				ABA6525B04B9312C781891B2 /* de */,
				FC3C4C7DA684D1F0D798AA8C /* en */,
				2984CF38A68CC1450F20470D /* es */,
				87383B756FBA7C899AD44759 /* fr */,
				517B6EF29D6177E7F6E4AA36 /* pt */,
			);
			name = Localizable.strings;
			sourceTree = "<group>";
		};
/* End PBXVariantGroup section */

/* Begin XCBuildConfiguration section */
		038845D82D8A6F77F80A0176 /* Release */ = {
			isa = XCBuildConfiguration;
			buildSettings = {
				ALWAYS_SEARCH_USER_PATHS = NO;
				CLANG_ANALYZER_NONNULL = YES;
				CLANG_ANALYZER_NUMBER_OBJECT_CONVERSION = YES_AGGRESSIVE;
				CLANG_CXX_LANGUAGE_STANDARD = "gnu++14";
				CLANG_CXX_LIBRARY = "libc++";
				CLANG_ENABLE_MODULES = YES;
				CLANG_ENABLE_OBJC_ARC = YES;
				CLANG_ENABLE_OBJC_WEAK = YES;
				CLANG_WARN_BLOCK_CAPTURE_AUTORELEASING = YES;
				CLANG_WARN_BOOL_CONVERSION = YES;
				CLANG_WARN_COMMA = YES;
				CLANG_WARN_CONSTANT_CONVERSION = YES;
				CLANG_WARN_DEPRECATED_OBJC_IMPLEMENTATIONS = YES;
				CLANG_WARN_DIRECT_OBJC_ISA_USAGE = YES_ERROR;
				CLANG_WARN_DOCUMENTATION_COMMENTS = YES;
				CLANG_WARN_EMPTY_BODY = YES;
				CLANG_WARN_ENUM_CONVERSION = YES;
				CLANG_WARN_INFINITE_RECURSION = YES;
				CLANG_WARN_INT_CONVERSION = YES;
				CLANG_WARN_NON_LITERAL_NULL_CONVERSION = YES;
				CLANG_WARN_OBJC_IMPLICIT_RETAIN_SELF = YES;
				CLANG_WARN_OBJC_LITERAL_CONVERSION = YES;
				CLANG_WARN_OBJC_ROOT_CLASS = YES_ERROR;
				CLANG_WARN_QUOTED_INCLUDE_IN_FRAMEWORK_HEADER = YES;
				CLANG_WARN_RANGE_LOOP_ANALYSIS = YES;
				CLANG_WARN_STRICT_PROTOTYPES = YES;
				CLANG_WARN_SUSPICIOUS_MOVE = YES;
				CLANG_WARN_UNGUARDED_AVAILABILITY = YES_AGGRESSIVE;
				CLANG_WARN_UNREACHABLE_CODE = YES;
				CLANG_WARN__DUPLICATE_METHOD_MATCH = YES;
				COPY_PHASE_STRIP = NO;
				DEBUG_INFORMATION_FORMAT = "dwarf-with-dsym";
				ENABLE_NS_ASSERTIONS = NO;
				ENABLE_STRICT_OBJC_MSGSEND = YES;
				GCC_C_LANGUAGE_STANDARD = gnu11;
				GCC_NO_COMMON_BLOCKS = YES;
				GCC_WARN_64_TO_32_BIT_CONVERSION = YES;
				GCC_WARN_ABOUT_RETURN_TYPE = YES_ERROR;
				GCC_WARN_UNDECLARED_SELECTOR = YES;
				GCC_WARN_UNINITIALIZED_AUTOS = YES_AGGRESSIVE;
				GCC_WARN_UNUSED_FUNCTION = YES;
				GCC_WARN_UNUSED_VARIABLE = YES;
				MACOSX_DEPLOYMENT_TARGET = 14.0;
				MTL_ENABLE_DEBUG_INFO = NO;
				MTL_FAST_MATH = YES;
				PRODUCT_NAME = "$(TARGET_NAME)";
				SDKROOT = macosx;
				SWIFT_COMPILATION_MODE = wholemodule;
				SWIFT_OPTIMIZATION_LEVEL = "-O";
				SWIFT_VERSION = 5.0;
			};
			name = Release;
		};
		12C693576799D83DBDE79005 /* Debug */ = {
			isa = XCBuildConfiguration;
			buildSettings = {
				ASSETCATALOG_COMPILER_APPICON_NAME = AppIcon;
				CODE_SIGN_ENTITLEMENTS = Wisper/Resources/Wisper.entitlements;
				CODE_SIGN_IDENTITY = DD9A14A7890D716B95CFACB96F0EBDA356EE18CB;
				CODE_SIGN_STYLE = Manual;
				COMBINE_HIDPI_IMAGES = YES;
				CURRENT_PROJECT_VERSION = 1;
				DEVELOPMENT_TEAM = 7NBJJ9P97F;
				ENABLE_APP_SANDBOX = NO;
				ENABLE_HARDENED_RUNTIME = NO;
				INFOPLIST_FILE = Wisper/Resources/Info.plist;
				LD_RUNPATH_SEARCH_PATHS = "$(inherited) @executable_path/../Frameworks";
				MACOSX_DEPLOYMENT_TARGET = 14.0;
				MARKETING_VERSION = 0.0.1;
				PRODUCT_BUNDLE_IDENTIFIER = com.andresilvagomez.whisper;
				SDKROOT = macosx;
				SWIFT_VERSION = 6.0;
			};
			name = Debug;
		};
		6214B8C1B169DE615E04CF34 /* Release */ = {
			isa = XCBuildConfiguration;
			buildSettings = {
				BUNDLE_LOADER = "$(TEST_HOST)";
				COMBINE_HIDPI_IMAGES = YES;
				GENERATE_INFOPLIST_FILE = YES;
				LD_RUNPATH_SEARCH_PATHS = (
					"$(inherited)",
					"@executable_path/../Frameworks",
					"@loader_path/../Frameworks",
				);
				MACOSX_DEPLOYMENT_TARGET = 14.0;
				PRODUCT_BUNDLE_IDENTIFIER = com.andresilvagomez.WisperTests;
				SDKROOT = macosx;
				SWIFT_VERSION = 6.0;
				TEST_HOST = "$(BUILT_PRODUCTS_DIR)/Wisper.app/Contents/MacOS/Wisper";
			};
			name = Release;
		};
		8643BE7A466810DC533662E7 /* Debug */ = {
			isa = XCBuildConfiguration;
			buildSettings = {
				ALWAYS_SEARCH_USER_PATHS = NO;
				CLANG_ANALYZER_NONNULL = YES;
				CLANG_ANALYZER_NUMBER_OBJECT_CONVERSION = YES_AGGRESSIVE;
				CLANG_CXX_LANGUAGE_STANDARD = "gnu++14";
				CLANG_CXX_LIBRARY = "libc++";
				CLANG_ENABLE_MODULES = YES;
				CLANG_ENABLE_OBJC_ARC = YES;
				CLANG_ENABLE_OBJC_WEAK = YES;
				CLANG_WARN_BLOCK_CAPTURE_AUTORELEASING = YES;
				CLANG_WARN_BOOL_CONVERSION = YES;
				CLANG_WARN_COMMA = YES;
				CLANG_WARN_CONSTANT_CONVERSION = YES;
				CLANG_WARN_DEPRECATED_OBJC_IMPLEMENTATIONS = YES;
				CLANG_WARN_DIRECT_OBJC_ISA_USAGE = YES_ERROR;
				CLANG_WARN_DOCUMENTATION_COMMENTS = YES;
				CLANG_WARN_EMPTY_BODY = YES;
				CLANG_WARN_ENUM_CONVERSION = YES;
				CLANG_WARN_INFINITE_RECURSION = YES;
				CLANG_WARN_INT_CONVERSION = YES;
				CLANG_WARN_NON_LITERAL_NULL_CONVERSION = YES;
				CLANG_WARN_OBJC_IMPLICIT_RETAIN_SELF = YES;
				CLANG_WARN_OBJC_LITERAL_CONVERSION = YES;
				CLANG_WARN_OBJC_ROOT_CLASS = YES_ERROR;
				CLANG_WARN_QUOTED_INCLUDE_IN_FRAMEWORK_HEADER = YES;
				CLANG_WARN_RANGE_LOOP_ANALYSIS = YES;
				CLANG_WARN_STRICT_PROTOTYPES = YES;
				CLANG_WARN_SUSPICIOUS_MOVE = YES;
				CLANG_WARN_UNGUARDED_AVAILABILITY = YES_AGGRESSIVE;
				CLANG_WARN_UNREACHABLE_CODE = YES;
				CLANG_WARN__DUPLICATE_METHOD_MATCH = YES;
				COPY_PHASE_STRIP = NO;
				DEBUG_INFORMATION_FORMAT = dwarf;
				ENABLE_STRICT_OBJC_MSGSEND = YES;
				ENABLE_TESTABILITY = YES;
				GCC_C_LANGUAGE_STANDARD = gnu11;
				GCC_DYNAMIC_NO_PIC = NO;
				GCC_NO_COMMON_BLOCKS = YES;
				GCC_OPTIMIZATION_LEVEL = 0;
				GCC_PREPROCESSOR_DEFINITIONS = (
					"$(inherited)",
					"DEBUG=1",
				);
				GCC_WARN_64_TO_32_BIT_CONVERSION = YES;
				GCC_WARN_ABOUT_RETURN_TYPE = YES_ERROR;
				GCC_WARN_UNDECLARED_SELECTOR = YES;
				GCC_WARN_UNINITIALIZED_AUTOS = YES_AGGRESSIVE;
				GCC_WARN_UNUSED_FUNCTION = YES;
				GCC_WARN_UNUSED_VARIABLE = YES;
				MACOSX_DEPLOYMENT_TARGET = 14.0;
				MTL_ENABLE_DEBUG_INFO = INCLUDE_SOURCE;
				MTL_FAST_MATH = YES;
				ONLY_ACTIVE_ARCH = YES;
				PRODUCT_NAME = "$(TARGET_NAME)";
				SDKROOT = macosx;
				SWIFT_ACTIVE_COMPILATION_CONDITIONS = DEBUG;
				SWIFT_OPTIMIZATION_LEVEL = "-Onone";
				SWIFT_VERSION = 5.0;
			};
			name = Debug;
		};
		86F670EA323E70B0E8E04B63 /* Release */ = {
			isa = XCBuildConfiguration;
			buildSettings = {
				ASSETCATALOG_COMPILER_APPICON_NAME = AppIcon;
				CODE_SIGN_ENTITLEMENTS = Wisper/Resources/Wisper.entitlements;
				CODE_SIGN_IDENTITY = DD9A14A7890D716B95CFACB96F0EBDA356EE18CB;
				CODE_SIGN_STYLE = Manual;
				COMBINE_HIDPI_IMAGES = YES;
				CURRENT_PROJECT_VERSION = 1;
				DEVELOPMENT_TEAM = 7NBJJ9P97F;
				ENABLE_APP_SANDBOX = NO;
				ENABLE_HARDENED_RUNTIME = NO;
				INFOPLIST_FILE = Wisper/Resources/Info.plist;
				LD_RUNPATH_SEARCH_PATHS = "$(inherited) @executable_path/../Frameworks";
				MACOSX_DEPLOYMENT_TARGET = 14.0;
				MARKETING_VERSION = 0.0.1;
				PRODUCT_BUNDLE_IDENTIFIER = com.andresilvagomez.whisper;
				SDKROOT = macosx;
				SWIFT_VERSION = 6.0;
			};
			name = Release;
		};
		EB9B745E2F1AEE850E0D2D03 /* Debug */ = {
			isa = XCBuildConfiguration;
			buildSettings = {
				BUNDLE_LOADER = "$(TEST_HOST)";
				COMBINE_HIDPI_IMAGES = YES;
				GENERATE_INFOPLIST_FILE = YES;
				LD_RUNPATH_SEARCH_PATHS = (
					"$(inherited)",
					"@executable_path/../Frameworks",
					"@loader_path/../Frameworks",
				);
				MACOSX_DEPLOYMENT_TARGET = 14.0;
				PRODUCT_BUNDLE_IDENTIFIER = com.andresilvagomez.WisperTests;
				SDKROOT = macosx;
				SWIFT_VERSION = 6.0;
				TEST_HOST = "$(BUILT_PRODUCTS_DIR)/Wisper.app/Contents/MacOS/Wisper";
			};
			name = Debug;
		};
/* End XCBuildConfiguration section */

/* Begin XCConfigurationList section */
		9E316FE51F798847C1E9EE36 /* Build configuration list for PBXNativeTarget "Wisper" */ = {
			isa = XCConfigurationList;
			buildConfigurations = (
				12C693576799D83DBDE79005 /* Debug */,
				86F670EA323E70B0E8E04B63 /* Release */,
			);
			defaultConfigurationIsVisible = 0;
			defaultConfigurationName = Debug;
		};
		CCA94FB7F78C5A4BA090287E /* Build configuration list for PBXProject "Wisper" */ = {
			isa = XCConfigurationList;
			buildConfigurations = (
				8643BE7A466810DC533662E7 /* Debug */,
				038845D82D8A6F77F80A0176 /* Release */,
			);
			defaultConfigurationIsVisible = 0;
			defaultConfigurationName = Debug;
		};
		CE44B3E7FB338C3733B6687D /* Build configuration list for PBXNativeTarget "WisperTests" */ = {
			isa = XCConfigurationList;
			buildConfigurations = (
				EB9B745E2F1AEE850E0D2D03 /* Debug */,
				6214B8C1B169DE615E04CF34 /* Release */,
			);
			defaultConfigurationIsVisible = 0;
			defaultConfigurationName = Debug;
		};
/* End XCConfigurationList section */

/* Begin XCRemoteSwiftPackageReference section */
		24BF4039138F129F95B7DB09 /* XCRemoteSwiftPackageReference "WhisperKit" */ = {
			isa = XCRemoteSwiftPackageReference;
			repositoryURL = "https://github.com/argmaxinc/WhisperKit";
			requirement = {
				kind = upToNextMajorVersion;
				minimumVersion = 0.12.0;
			};
		};
		71493E620D0F00D77630EC1C /* XCRemoteSwiftPackageReference "KeyboardShortcuts" */ = {
			isa = XCRemoteSwiftPackageReference;
			repositoryURL = "https://github.com/sindresorhus/KeyboardShortcuts";
			requirement = {
				kind = upToNextMajorVersion;
				minimumVersion = 2.2.0;
			};
		};
		C526534013A37DDD2664F9C5 /* XCRemoteSwiftPackageReference "firebase-ios-sdk" */ = {
			isa = XCRemoteSwiftPackageReference;
			repositoryURL = "https://github.com/firebase/firebase-ios-sdk";
			requirement = {
				kind = upToNextMajorVersion;
				minimumVersion = 11.0.0;
			};
		};
/* End XCRemoteSwiftPackageReference section */

/* Begin XCSwiftPackageProductDependency section */
		881A0D3BFF15A3BDB41BFE53 /* WhisperKit */ = {
			isa = XCSwiftPackageProductDependency;
			package = 24BF4039138F129F95B7DB09 /* XCRemoteSwiftPackageReference "WhisperKit" */;
			productName = WhisperKit;
		};
		BD01D6CD697A2B1831D6BA40 /* FirebaseCrashlytics */ = {
			isa = XCSwiftPackageProductDependency;
			package = C526534013A37DDD2664F9C5 /* XCRemoteSwiftPackageReference "firebase-ios-sdk" */;
			productName = FirebaseCrashlytics;
		};
		BE4037B80AFC991BBFD79363 /* FirebaseCore */ = {
			isa = XCSwiftPackageProductDependency;
			package = C526534013A37DDD2664F9C5 /* XCRemoteSwiftPackageReference "firebase-ios-sdk" */;
			productName = FirebaseCore;
		};
		CD4D23D81DB6B8CF7A547851 /* KeyboardShortcuts */ = {
			isa = XCSwiftPackageProductDependency;
			package = 71493E620D0F00D77630EC1C /* XCRemoteSwiftPackageReference "KeyboardShortcuts" */;
			productName = KeyboardShortcuts;
		};
/* End XCSwiftPackageProductDependency section */
	};
	rootObject = F66376082C17A68404557F48 /* Project object */;
}
